// !$*UTF8*$!
{
	archiveVersion = 1;
	classes = {
	};
	objectVersion = 50;
	objects = {

/* Begin PBXBuildFile section */
		189DC5612563F49E0040AB27 /* AppDelegate.swift in Sources */ = {isa = PBXBuildFile; fileRef = 189DC5602563F49E0040AB27 /* AppDelegate.swift */; };
		189DC5632563F49E0040AB27 /* SceneDelegate.swift in Sources */ = {isa = PBXBuildFile; fileRef = 189DC5622563F49E0040AB27 /* SceneDelegate.swift */; };
		189DC5652563F49E0040AB27 /* ViewController.swift in Sources */ = {isa = PBXBuildFile; fileRef = 189DC5642563F49E0040AB27 /* ViewController.swift */; };
		189DC5682563F49E0040AB27 /* Main.storyboard in Resources */ = {isa = PBXBuildFile; fileRef = 189DC5662563F49E0040AB27 /* Main.storyboard */; };
		189DC56A2563F4A80040AB27 /* Assets.xcassets in Resources */ = {isa = PBXBuildFile; fileRef = 189DC5692563F4A80040AB27 /* Assets.xcassets */; };
		189DC56D2563F4A80040AB27 /* LaunchScreen.storyboard in Resources */ = {isa = PBXBuildFile; fileRef = 189DC56B2563F4A80040AB27 /* LaunchScreen.storyboard */; };
		189DC5792563F62A0040AB27 /* Modal.swift in Sources */ = {isa = PBXBuildFile; fileRef = 189DC5782563F62A0040AB27 /* Modal.swift */; };
		189DC5802563F86C0040AB27 /* tablecell.swift in Sources */ = {isa = PBXBuildFile; fileRef = 189DC57F2563F86C0040AB27 /* tablecell.swift */; };
		8347EF3353F98BF1A05C1844 /* Pods_UserRepo.framework in Frameworks */ = {isa = PBXBuildFile; fileRef = 807F3DCCC5A9CBEBE1FC1BC5 /* Pods_UserRepo.framework */; };
/* End PBXBuildFile section */

/* Begin PBXFileReference section */
		189DC55D2563F49E0040AB27 /* UserRepo.app */ = {isa = PBXFileReference; explicitFileType = wrapper.application; includeInIndex = 0; path = UserRepo.app; sourceTree = BUILT_PRODUCTS_DIR; };
		189DC5602563F49E0040AB27 /* AppDelegate.swift */ = {isa = PBXFileReference; lastKnownFileType = sourcecode.swift; path = AppDelegate.swift; sourceTree = "<group>"; };
		189DC5622563F49E0040AB27 /* SceneDelegate.swift */ = {isa = PBXFileReference; lastKnownFileType = sourcecode.swift; path = SceneDelegate.swift; sourceTree = "<group>"; };
		189DC5642563F49E0040AB27 /* ViewController.swift */ = {isa = PBXFileReference; lastKnownFileType = sourcecode.swift; path = ViewController.swift; sourceTree = "<group>"; };
		189DC5672563F49E0040AB27 /* Base */ = {isa = PBXFileReference; lastKnownFileType = file.storyboard; name = Base; path = Base.lproj/Main.storyboard; sourceTree = "<group>"; };
		189DC5692563F4A80040AB27 /* Assets.xcassets */ = {isa = PBXFileReference; lastKnownFileType = folder.assetcatalog; path = Assets.xcassets; sourceTree = "<group>"; };
		189DC56C2563F4A80040AB27 /* Base */ = {isa = PBXFileReference; lastKnownFileType = file.storyboard; name = Base; path = Base.lproj/LaunchScreen.storyboard; sourceTree = "<group>"; };
		189DC56E2563F4A80040AB27 /* Info.plist */ = {isa = PBXFileReference; lastKnownFileType = text.plist.xml; path = Info.plist; sourceTree = "<group>"; };
		189DC5782563F62A0040AB27 /* Modal.swift */ = {isa = PBXFileReference; lastKnownFileType = sourcecode.swift; path = Modal.swift; sourceTree = "<group>"; };
		189DC57F2563F86C0040AB27 /* tablecell.swift */ = {isa = PBXFileReference; lastKnownFileType = sourcecode.swift; path = tablecell.swift; sourceTree = "<group>"; };
		323F53ABDF88999C45F94370 /* Pods-UserRepo.release.xcconfig */ = {isa = PBXFileReference; includeInIndex = 1; lastKnownFileType = text.xcconfig; name = "Pods-UserRepo.release.xcconfig"; path = "Target Support Files/Pods-UserRepo/Pods-UserRepo.release.xcconfig"; sourceTree = "<group>"; };
		36016AAFF429172FA7A24764 /* Pods-UserRepo.debug.xcconfig */ = {isa = PBXFileReference; includeInIndex = 1; lastKnownFileType = text.xcconfig; name = "Pods-UserRepo.debug.xcconfig"; path = "Target Support Files/Pods-UserRepo/Pods-UserRepo.debug.xcconfig"; sourceTree = "<group>"; };
		807F3DCCC5A9CBEBE1FC1BC5 /* Pods_UserRepo.framework */ = {isa = PBXFileReference; explicitFileType = wrapper.framework; includeInIndex = 0; path = Pods_UserRepo.framework; sourceTree = BUILT_PRODUCTS_DIR; };
/* End PBXFileReference section */

/* Begin PBXFrameworksBuildPhase section */
		189DC55A2563F49E0040AB27 /* Frameworks */ = {
			isa = PBXFrameworksBuildPhase;
			buildActionMask = 2147483647;
			files = (
				8347EF3353F98BF1A05C1844 /* Pods_UserRepo.framework in Frameworks */,
			);
			runOnlyForDeploymentPostprocessing = 0;
		};
/* End PBXFrameworksBuildPhase section */

/* Begin PBXGroup section */
		189DC5542563F49D0040AB27 = {
			isa = PBXGroup;
			children = (
				189DC55F2563F49E0040AB27 /* UserRepo */,
				189DC55E2563F49E0040AB27 /* Products */,
				CE37E956F7C68F04D2F5DACD /* Pods */,
				E4CB1C0A552F35F19C68C0D8 /* Frameworks */,
			);
			sourceTree = "<group>";
		};
		189DC55E2563F49E0040AB27 /* Products */ = {
			isa = PBXGroup;
			children = (
				189DC55D2563F49E0040AB27 /* UserRepo.app */,
			);
			name = Products;
			sourceTree = "<group>";
		};
		189DC55F2563F49E0040AB27 /* UserRepo */ = {
			isa = PBXGroup;
			children = (
				189DC5772563F6130040AB27 /* Controller */,
				189DC5762563F60E0040AB27 /* View */,
				189DC5752563F6070040AB27 /* Model */,
				189DC5602563F49E0040AB27 /* AppDelegate.swift */,
				189DC5622563F49E0040AB27 /* SceneDelegate.swift */,
				189DC5692563F4A80040AB27 /* Assets.xcassets */,
				189DC56B2563F4A80040AB27 /* LaunchScreen.storyboard */,
				189DC56E2563F4A80040AB27 /* Info.plist */,
			);
			path = UserRepo;
			sourceTree = "<group>";
		};
		189DC5752563F6070040AB27 /* Model */ = {
			isa = PBXGroup;
			children = (
				189DC5782563F62A0040AB27 /* Modal.swift */,
			);
			path = Model;
			sourceTree = "<group>";
		};
		189DC5762563F60E0040AB27 /* View */ = {
			isa = PBXGroup;
			children = (
				189DC5662563F49E0040AB27 /* Main.storyboard */,
			);
			path = View;
			sourceTree = "<group>";
		};
		189DC5772563F6130040AB27 /* Controller */ = {
			isa = PBXGroup;
			children = (
				189DC5642563F49E0040AB27 /* ViewController.swift */,
				189DC57F2563F86C0040AB27 /* tablecell.swift */,
			);
			path = Controller;
			sourceTree = "<group>";
		};
		CE37E956F7C68F04D2F5DACD /* Pods */ = {
			isa = PBXGroup;
			children = (
				36016AAFF429172FA7A24764 /* Pods-UserRepo.debug.xcconfig */,
				323F53ABDF88999C45F94370 /* Pods-UserRepo.release.xcconfig */,
			);
			name = Pods;
			path = Pods;
			sourceTree = "<group>";
		};
		E4CB1C0A552F35F19C68C0D8 /* Frameworks */ = {
			isa = PBXGroup;
			children = (
				807F3DCCC5A9CBEBE1FC1BC5 /* Pods_UserRepo.framework */,
			);
			name = Frameworks;
			sourceTree = "<group>";
		};
/* End PBXGroup section */

/* Begin PBXNativeTarget section */
		189DC55C2563F49E0040AB27 /* UserRepo */ = {
			isa = PBXNativeTarget;
			buildConfigurationList = 189DC5712563F4A90040AB27 /* Build configuration list for PBXNativeTarget "UserRepo" */;
			buildPhases = (
				F375C80DAE988A97F438A01A /* [CP] Check Pods Manifest.lock */,
				189DC5592563F49E0040AB27 /* Sources */,
				189DC55A2563F49E0040AB27 /* Frameworks */,
				189DC55B2563F49E0040AB27 /* Resources */,
				2375E5C0D0A82F3C34F5FBF2 /* [CP] Embed Pods Frameworks */,
			);
			buildRules = (
			);
			dependencies = (
			);
			name = UserRepo;
			productName = UserRepo;
			productReference = 189DC55D2563F49E0040AB27 /* UserRepo.app */;
			productType = "com.apple.product-type.application";
		};
/* End PBXNativeTarget section */

/* Begin PBXProject section */
		189DC5552563F49D0040AB27 /* Project object */ = {
			isa = PBXProject;
			attributes = {
				LastSwiftUpdateCheck = 1210;
				LastUpgradeCheck = 1210;
				TargetAttributes = {
					189DC55C2563F49E0040AB27 = {
						CreatedOnToolsVersion = 12.1;
					};
				};
			};
			buildConfigurationList = 189DC5582563F49D0040AB27 /* Build configuration list for PBXProject "UserRepo" */;
			compatibilityVersion = "Xcode 9.3";
			developmentRegion = en;
			hasScannedForEncodings = 0;
			knownRegions = (
				en,
				Base,
			);
			mainGroup = 189DC5542563F49D0040AB27;
			productRefGroup = 189DC55E2563F49E0040AB27 /* Products */;
			projectDirPath = "";
			projectRoot = "";
			targets = (
				189DC55C2563F49E0040AB27 /* UserRepo */,
			);
		};
/* End PBXProject section */

/* Begin PBXResourcesBuildPhase section */
		189DC55B2563F49E0040AB27 /* Resources */ = {
			isa = PBXResourcesBuildPhase;
			buildActionMask = 2147483647;
			files = (
				189DC56D2563F4A80040AB27 /* LaunchScreen.storyboard in Resources */,
				189DC56A2563F4A80040AB27 /* Assets.xcassets in Resources */,
				189DC5682563F49E0040AB27 /* Main.storyboard in Resources */,
			);
			runOnlyForDeploymentPostprocessing = 0;
		};
/* End PBXResourcesBuildPhase section */

/* Begin PBXShellScriptBuildPhase section */
		2375E5C0D0A82F3C34F5FBF2 /* [CP] Embed Pods Frameworks */ = {
			isa = PBXShellScriptBuildPhase;
			buildActionMask = 2147483647;
			files = (
			);
			inputFileListPaths = (
				"${PODS_ROOT}/Target Support Files/Pods-UserRepo/Pods-UserRepo-frameworks-${CONFIGURATION}-input-files.xcfilelist",
			);
			name = "[CP] Embed Pods Frameworks";
			outputFileListPaths = (
				"${PODS_ROOT}/Target Support Files/Pods-UserRepo/Pods-UserRepo-frameworks-${CONFIGURATION}-output-files.xcfilelist",
			);
			runOnlyForDeploymentPostprocessing = 0;
			shellPath = /bin/sh;
			shellScript = "\"${PODS_ROOT}/Target Support Files/Pods-UserRepo/Pods-UserRepo-frameworks.sh\"\n";
			showEnvVarsInLog = 0;
		};
		F375C80DAE988A97F438A01A /* [CP] Check Pods Manifest.lock */ = {
			isa = PBXShellScriptBuildPhase;
			buildActionMask = 2147483647;
			files = (
			);
			inputFileListPaths = (
			);
			inputPaths = (
				"${PODS_PODFILE_DIR_PATH}/Podfile.lock",
				"${PODS_ROOT}/Manifest.lock",
			);
			name = "[CP] Check Pods Manifest.lock";
			outputFileListPaths = (
			);
			outputPaths = (
				"$(DERIVED_FILE_DIR)/Pods-UserRepo-checkManifestLockResult.txt",
			);
			runOnlyForDeploymentPostprocessing = 0;
			shellPath = /bin/sh;
			shellScript = "diff \"${PODS_PODFILE_DIR_PATH}/Podfile.lock\" \"${PODS_ROOT}/Manifest.lock\" > /dev/null\nif [ $? != 0 ] ; then\n    # print error to STDERR\n    echo \"error: The sandbox is not in sync with the Podfile.lock. Run 'pod install' or update your CocoaPods installation.\" >&2\n    exit 1\nfi\n# This output is used by Xcode 'outputs' to avoid re-running this script phase.\necho \"SUCCESS\" > \"${SCRIPT_OUTPUT_FILE_0}\"\n";
			showEnvVarsInLog = 0;
		};
/* End PBXShellScriptBuildPhase section */

/* Begin PBXSourcesBuildPhase section */
		189DC5592563F49E0040AB27 /* Sources */ = {
			isa = PBXSourcesBuildPhase;
			buildActionMask = 2147483647;
			files = (
				189DC5802563F86C0040AB27 /* tablecell.swift in Sources */,
				189DC5652563F49E0040AB27 /* ViewController.swift in Sources */,
				189DC5612563F49E0040AB27 /* AppDelegate.swift in Sources */,
				189DC5632563F49E0040AB27 /* SceneDelegate.swift in Sources */,
				189DC5792563F62A0040AB27 /* Modal.swift in Sources */,
			);
			runOnlyForDeploymentPostprocessing = 0;
		};
/* End PBXSourcesBuildPhase section */

/* Begin PBXVariantGroup section */
		189DC5662563F49E0040AB27 /* Main.storyboard */ = {
			isa = PBXVariantGroup;
			children = (
				189DC5672563F49E0040AB27 /* Base */,
			);
			name = Main.storyboard;
			sourceTree = "<group>";
		};
		189DC56B2563F4A80040AB27 /* LaunchScreen.storyboard */ = {
			isa = PBXVariantGroup;
			children = (
				189DC56C2563F4A80040AB27 /* Base */,
			);
			name = LaunchScreen.storyboard;
			sourceTree = "<group>";
		};
/* End PBXVariantGroup section */

/* Begin XCBuildConfiguration section */
		189DC56F2563F4A80040AB27 /* Debug */ = {
			isa = XCBuildConfiguration;
			buildSettings = {
				ALWAYS_SEARCH_USER_PATHS = NO;
				CLANG_ANALYZER_NONNULL = YES;
				CLANG_ANALYZER_NUMBER_OBJECT_CONVERSION = YES_AGGRESSIVE;
				CLANG_CXX_LANGUAGE_STANDARD = "gnu++14";
				CLANG_CXX_LIBRARY = "libc++";
				CLANG_ENABLE_MODULES = YES;
				CLANG_ENABLE_OBJC_ARC = YES;
				CLANG_ENABLE_OBJC_WEAK = YES;
				CLANG_WARN_BLOCK_CAPTURE_AUTORELEASING = YES;
				CLANG_WARN_BOOL_CONVERSION = YES;
				CLANG_WARN_COMMA = YES;
				CLANG_WARN_CONSTANT_CONVERSION = YES;
				CLANG_WARN_DEPRECATED_OBJC_IMPLEMENTATIONS = YES;
				CLANG_WARN_DIRECT_OBJC_ISA_USAGE = YES_ERROR;
				CLANG_WARN_DOCUMENTATION_COMMENTS = YES;
				CLANG_WARN_EMPTY_BODY = YES;
				CLANG_WARN_ENUM_CONVERSION = YES;
				CLANG_WARN_INFINITE_RECURSION = YES;
				CLANG_WARN_INT_CONVERSION = YES;
				CLANG_WARN_NON_LITERAL_NULL_CONVERSION = YES;
				CLANG_WARN_OBJC_IMPLICIT_RETAIN_SELF = YES;
				CLANG_WARN_OBJC_LITERAL_CONVERSION = YES;
				CLANG_WARN_OBJC_ROOT_CLASS = YES_ERROR;
				CLANG_WARN_QUOTED_INCLUDE_IN_FRAMEWORK_HEADER = YES;
				CLANG_WARN_RANGE_LOOP_ANALYSIS = YES;
				CLANG_WARN_STRICT_PROTOTYPES = YES;
				CLANG_WARN_SUSPICIOUS_MOVE = YES;
				CLANG_WARN_UNGUARDED_AVAILABILITY = YES_AGGRESSIVE;
				CLANG_WARN_UNREACHABLE_CODE = YES;
				CLANG_WARN__DUPLICATE_METHOD_MATCH = YES;
				COPY_PHASE_STRIP = NO;
				DEBUG_INFORMATION_FORMAT = dwarf;
				ENABLE_STRICT_OBJC_MSGSEND = YES;
				ENABLE_TESTABILITY = YES;
				GCC_C_LANGUAGE_STANDARD = gnu11;
				GCC_DYNAMIC_NO_PIC = NO;
				GCC_NO_COMMON_BLOCKS = YES;
				GCC_OPTIMIZATION_LEVEL = 0;
				GCC_PREPROCESSOR_DEFINITIONS = (
					"DEBUG=1",
					"$(inherited)",
				);
				GCC_WARN_64_TO_32_BIT_CONVERSION = YES;
				GCC_WARN_ABOUT_RETURN_TYPE = YES_ERROR;
				GCC_WARN_UNDECLARED_SELECTOR = YES;
				GCC_WARN_UNINITIALIZED_AUTOS = YES_AGGRESSIVE;
				GCC_WARN_UNUSED_FUNCTION = YES;
				GCC_WARN_UNUSED_VARIABLE = YES;
				IPHONEOS_DEPLOYMENT_TARGET = 14.1;
				MTL_ENABLE_DEBUG_INFO = INCLUDE_SOURCE;
				MTL_FAST_MATH = YES;
				ONLY_ACTIVE_ARCH = YES;
				SDKROOT = iphoneos;
				SWIFT_ACTIVE_COMPILATION_CONDITIONS = DEBUG;
				SWIFT_OPTIMIZATION_LEVEL = "-Onone";
			};
			name = Debug;
		};
		189DC5702563F4A80040AB27 /* Release */ = {
			isa = XCBuildConfiguration;
			buildSettings = {
				ALWAYS_SEARCH_USER_PATHS = NO;
				CLANG_ANALYZER_NONNULL = YES;
				CLANG_ANALYZER_NUMBER_OBJECT_CONVERSION = YES_AGGRESSIVE;
				CLANG_CXX_LANGUAGE_STANDARD = "gnu++14";
				CLANG_CXX_LIBRARY = "libc++";
				CLANG_ENABLE_MODULES = YES;
				CLANG_ENABLE_OBJC_ARC = YES;
				CLANG_ENABLE_OBJC_WEAK = YES;
				CLANG_WARN_BLOCK_CAPTURE_AUTORELEASING = YES;
				CLANG_WARN_BOOL_CONVERSION = YES;
				CLANG_WARN_COMMA = YES;
				CLANG_WARN_CONSTANT_CONVERSION = YES;
				CLANG_WARN_DEPRECATED_OBJC_IMPLEMENTATIONS = YES;
				CLANG_WARN_DIRECT_OBJC_ISA_USAGE = YES_ERROR;
				CLANG_WARN_DOCUMENTATION_COMMENTS = YES;
				CLANG_WARN_EMPTY_BODY = YES;
				CLANG_WARN_ENUM_CONVERSION = YES;
				CLANG_WARN_INFINITE_RECURSION = YES;
				CLANG_WARN_INT_CONVERSION = YES;
				CLANG_WARN_NON_LITERAL_NULL_CONVERSION = YES;
				CLANG_WARN_OBJC_IMPLICIT_RETAIN_SELF = YES;
				CLANG_WARN_OBJC_LITERAL_CONVERSION = YES;
				CLANG_WARN_OBJC_ROOT_CLASS = YES_ERROR;
				CLANG_WARN_QUOTED_INCLUDE_IN_FRAMEWORK_HEADER = YES;
				CLANG_WARN_RANGE_LOOP_ANALYSIS = YES;
				CLANG_WARN_STRICT_PROTOTYPES = YES;
				CLANG_WARN_SUSPICIOUS_MOVE = YES;
				CLANG_WARN_UNGUARDED_AVAILABILITY = YES_AGGRESSIVE;
				CLANG_WARN_UNREACHABLE_CODE = YES;
				CLANG_WARN__DUPLICATE_METHOD_MATCH = YES;
				COPY_PHASE_STRIP = NO;
				DEBUG_INFORMATION_FORMAT = "dwarf-with-dsym";
				ENABLE_NS_ASSERTIONS = NO;
				ENABLE_STRICT_OBJC_MSGSEND = YES;
				GCC_C_LANGUAGE_STANDARD = gnu11;
				GCC_NO_COMMON_BLOCKS = YES;
				GCC_WARN_64_TO_32_BIT_CONVERSION = YES;
				GCC_WARN_ABOUT_RETURN_TYPE = YES_ERROR;
				GCC_WARN_UNDECLARED_SELECTOR = YES;
				GCC_WARN_UNINITIALIZED_AUTOS = YES_AGGRESSIVE;
				GCC_WARN_UNUSED_FUNCTION = YES;
				GCC_WARN_UNUSED_VARIABLE = YES;
				IPHONEOS_DEPLOYMENT_TARGET = 14.1;
				MTL_ENABLE_DEBUG_INFO = NO;
				MTL_FAST_MATH = YES;
				SDKROOT = iphoneos;
				SWIFT_COMPILATION_MODE = wholemodule;
				SWIFT_OPTIMIZATION_LEVEL = "-O";
				VALIDATE_PRODUCT = YES;
			};
			name = Release;
		};
		189DC5722563F4A90040AB27 /* Debug */ = {
			isa = XCBuildConfiguration;
			baseConfigurationReference = 36016AAFF429172FA7A24764 /* Pods-UserRepo.debug.xcconfig */;
			buildSettings = {
				ASSETCATALOG_COMPILER_APPICON_NAME = AppIcon;
				ASSETCATALOG_COMPILER_GLOBAL_ACCENT_COLOR_NAME = AccentColor;
				CODE_SIGN_STYLE = Automatic;
				DEVELOPMENT_TEAM = 9HJ2H45F4C;
				INFOPLIST_FILE = UserRepo/Info.plist;
				LD_RUNPATH_SEARCH_PATHS = (
					"$(inherited)",
					"@executable_path/Frameworks",
				);
				PRODUCT_BUNDLE_IDENTIFIER = com.user.userrepo.UserRepo;
				PRODUCT_NAME = "$(TARGET_NAME)";
				SWIFT_VERSION = 5.0;
				TARGETED_DEVICE_FAMILY = "1,2";
			};
			name = Debug;
		};
		189DC5732563F4A90040AB27 /* Release */ = {
			isa = XCBuildConfiguration;
			baseConfigurationReference = 323F53ABDF88999C45F94370 /* Pods-UserRepo.release.xcconfig */;
			buildSettings = {
				ASSETCATALOG_COMPILER_APPICON_NAME = AppIcon;
				ASSETCATALOG_COMPILER_GLOBAL_ACCENT_COLOR_NAME = AccentColor;
				CODE_SIGN_STYLE = Automatic;
				DEVELOPMENT_TEAM = 9HJ2H45F4C;
				INFOPLIST_FILE = UserRepo/Info.plist;
				LD_RUNPATH_SEARCH_PATHS = (
					"$(inherited)",
					"@executable_path/Frameworks",
				);
				PRODUCT_BUNDLE_IDENTIFIER = com.user.userrepo.UserRepo;
				PRODUCT_NAME = "$(TARGET_NAME)";
				SWIFT_VERSION = 5.0;
				TARGETED_DEVICE_FAMILY = "1,2";
			};
			name = Release;
		};
/* End XCBuildConfiguration section */

/* Begin XCConfigurationList section */
		189DC5582563F49D0040AB27 /* Build configuration list for PBXProject "UserRepo" */ = {
			isa = XCConfigurationList;
			buildConfigurations = (
				189DC56F2563F4A80040AB27 /* Debug */,
				189DC5702563F4A80040AB27 /* Release */,
			);
			defaultConfigurationIsVisible = 0;
			defaultConfigurationName = Release;
		};
		189DC5712563F4A90040AB27 /* Build configuration list for PBXNativeTarget "UserRepo" */ = {
			isa = XCConfigurationList;
			buildConfigurations = (
				189DC5722563F4A90040AB27 /* Debug */,
				189DC5732563F4A90040AB27 /* Release */,
			);
			defaultConfigurationIsVisible = 0;
			defaultConfigurationName = Release;
		};
/* End XCConfigurationList section */
	};
	rootObject = 189DC5552563F49D0040AB27 /* Project object */;
}
